// !$*UTF8*$!
{
	archiveVersion = 1;
	classes = {
	};
	objectVersion = 50;
	objects = {

/* Begin PBXBuildFile section */
		C5107EF62451FC3C00381317 /* AppDelegate.swift in Sources */ = {isa = PBXBuildFile; fileRef = C5107EF52451FC3C00381317 /* AppDelegate.swift */; };
		C5107EF82451FC3C00381317 /* SceneDelegate.swift in Sources */ = {isa = PBXBuildFile; fileRef = C5107EF72451FC3C00381317 /* SceneDelegate.swift */; };
		C5107EFA2451FC3C00381317 /* ViewController.swift in Sources */ = {isa = PBXBuildFile; fileRef = C5107EF92451FC3C00381317 /* ViewController.swift */; };
		C5107EFD2451FC3C00381317 /* Main.storyboard in Resources */ = {isa = PBXBuildFile; fileRef = C5107EFB2451FC3C00381317 /* Main.storyboard */; };
		C5107EFF2451FC3E00381317 /* Assets.xcassets in Resources */ = {isa = PBXBuildFile; fileRef = C5107EFE2451FC3E00381317 /* Assets.xcassets */; };
		C5107F022451FC3E00381317 /* LaunchScreen.storyboard in Resources */ = {isa = PBXBuildFile; fileRef = C5107F002451FC3E00381317 /* LaunchScreen.storyboard */; };
		C5107F0D2451FC3E00381317 /* Diego_Chavez_Program__7Tests.swift in Sources */ = {isa = PBXBuildFile; fileRef = C5107F0C2451FC3E00381317 /* Diego_Chavez_Program__7Tests.swift */; };
		C5107F182451FC3E00381317 /* Diego_Chavez_Program__7UITests.swift in Sources */ = {isa = PBXBuildFile; fileRef = C5107F172451FC3E00381317 /* Diego_Chavez_Program__7UITests.swift */; };
/* End PBXBuildFile section */

/* Begin PBXContainerItemProxy section */
		C5107F092451FC3E00381317 /* PBXContainerItemProxy */ = {
			isa = PBXContainerItemProxy;
			containerPortal = C5107EEA2451FC3C00381317 /* Project object */;
			proxyType = 1;
			remoteGlobalIDString = C5107EF12451FC3C00381317;
			remoteInfo = "Diego Chavez Program #7";
		};
		C5107F142451FC3E00381317 /* PBXContainerItemProxy */ = {
			isa = PBXContainerItemProxy;
			containerPortal = C5107EEA2451FC3C00381317 /* Project object */;
			proxyType = 1;
			remoteGlobalIDString = C5107EF12451FC3C00381317;
			remoteInfo = "Diego Chavez Program #7";
		};
/* End PBXContainerItemProxy section */

/* Begin PBXFileReference section */
		C5107EF22451FC3C00381317 /* Diego Chavez Program #7.app */ = {isa = PBXFileReference; explicitFileType = wrapper.application; includeInIndex = 0; path = "Diego Chavez Program #7.app"; sourceTree = BUILT_PRODUCTS_DIR; };
		C5107EF52451FC3C00381317 /* AppDelegate.swift */ = {isa = PBXFileReference; lastKnownFileType = sourcecode.swift; path = AppDelegate.swift; sourceTree = "<group>"; };
		C5107EF72451FC3C00381317 /* SceneDelegate.swift */ = {isa = PBXFileReference; lastKnownFileType = sourcecode.swift; path = SceneDelegate.swift; sourceTree = "<group>"; };
		C5107EF92451FC3C00381317 /* ViewController.swift */ = {isa = PBXFileReference; lastKnownFileType = sourcecode.swift; path = ViewController.swift; sourceTree = "<group>"; };
		C5107EFC2451FC3C00381317 /* Base */ = {isa = PBXFileReference; lastKnownFileType = file.storyboard; name = Base; path = Base.lproj/Main.storyboard; sourceTree = "<group>"; };
		C5107EFE2451FC3E00381317 /* Assets.xcassets */ = {isa = PBXFileReference; lastKnownFileType = folder.assetcatalog; path = Assets.xcassets; sourceTree = "<group>"; };
		C5107F012451FC3E00381317 /* Base */ = {isa = PBXFileReference; lastKnownFileType = file.storyboard; name = Base; path = Base.lproj/LaunchScreen.storyboard; sourceTree = "<group>"; };
		C5107F032451FC3E00381317 /* Info.plist */ = {isa = PBXFileReference; lastKnownFileType = text.plist.xml; path = Info.plist; sourceTree = "<group>"; };
		C5107F082451FC3E00381317 /* Diego Chavez Program #7Tests.xctest */ = {isa = PBXFileReference; explicitFileType = wrapper.cfbundle; includeInIndex = 0; path = "Diego Chavez Program #7Tests.xctest"; sourceTree = BUILT_PRODUCTS_DIR; };
		C5107F0C2451FC3E00381317 /* Diego_Chavez_Program__7Tests.swift */ = {isa = PBXFileReference; lastKnownFileType = sourcecode.swift; path = Diego_Chavez_Program__7Tests.swift; sourceTree = "<group>"; };
		C5107F0E2451FC3E00381317 /* Info.plist */ = {isa = PBXFileReference; lastKnownFileType = text.plist.xml; path = Info.plist; sourceTree = "<group>"; };
		C5107F132451FC3E00381317 /* Diego Chavez Program #7UITests.xctest */ = {isa = PBXFileReference; explicitFileType = wrapper.cfbundle; includeInIndex = 0; path = "Diego Chavez Program #7UITests.xctest"; sourceTree = BUILT_PRODUCTS_DIR; };
		C5107F172451FC3E00381317 /* Diego_Chavez_Program__7UITests.swift */ = {isa = PBXFileReference; lastKnownFileType = sourcecode.swift; path = Diego_Chavez_Program__7UITests.swift; sourceTree = "<group>"; };
		C5107F192451FC3E00381317 /* Info.plist */ = {isa = PBXFileReference; lastKnownFileType = text.plist.xml; path = Info.plist; sourceTree = "<group>"; };
/* End PBXFileReference section */

/* Begin PBXFrameworksBuildPhase section */
		C5107EEF2451FC3C00381317 /* Frameworks */ = {
			isa = PBXFrameworksBuildPhase;
			buildActionMask = 2147483647;
			files = (
			);
			runOnlyForDeploymentPostprocessing = 0;
		};
		C5107F052451FC3E00381317 /* Frameworks */ = {
			isa = PBXFrameworksBuildPhase;
			buildActionMask = 2147483647;
			files = (
			);
			runOnlyForDeploymentPostprocessing = 0;
		};
		C5107F102451FC3E00381317 /* Frameworks */ = {
			isa = PBXFrameworksBuildPhase;
			buildActionMask = 2147483647;
			files = (
			);
			runOnlyForDeploymentPostprocessing = 0;
		};
/* End PBXFrameworksBuildPhase section */

/* Begin PBXGroup section */
		C5107EE92451FC3C00381317 = {
			isa = PBXGroup;
			children = (
				C5107EF42451FC3C00381317 /* Diego Chavez Program #7 */,
				C5107F0B2451FC3E00381317 /* Diego Chavez Program #7Tests */,
				C5107F162451FC3E00381317 /* Diego Chavez Program #7UITests */,
				C5107EF32451FC3C00381317 /* Products */,
			);
			sourceTree = "<group>";
		};
		C5107EF32451FC3C00381317 /* Products */ = {
			isa = PBXGroup;
			children = (
				C5107EF22451FC3C00381317 /* Diego Chavez Program #7.app */,
				C5107F082451FC3E00381317 /* Diego Chavez Program #7Tests.xctest */,
				C5107F132451FC3E00381317 /* Diego Chavez Program #7UITests.xctest */,
			);
			name = Products;
			sourceTree = "<group>";
		};
		C5107EF42451FC3C00381317 /* Diego Chavez Program #7 */ = {
			isa = PBXGroup;
			children = (
				C5107EF52451FC3C00381317 /* AppDelegate.swift */,
				C5107EF72451FC3C00381317 /* SceneDelegate.swift */,
				C5107EF92451FC3C00381317 /* ViewController.swift */,
				C5107EFB2451FC3C00381317 /* Main.storyboard */,
				C5107EFE2451FC3E00381317 /* Assets.xcassets */,
				C5107F002451FC3E00381317 /* LaunchScreen.storyboard */,
				C5107F032451FC3E00381317 /* Info.plist */,
			);
			path = "Diego Chavez Program #7";
			sourceTree = "<group>";
		};
		C5107F0B2451FC3E00381317 /* Diego Chavez Program #7Tests */ = {
			isa = PBXGroup;
			children = (
				C5107F0C2451FC3E00381317 /* Diego_Chavez_Program__7Tests.swift */,
				C5107F0E2451FC3E00381317 /* Info.plist */,
			);
			path = "Diego Chavez Program #7Tests";
			sourceTree = "<group>";
		};
		C5107F162451FC3E00381317 /* Diego Chavez Program #7UITests */ = {
			isa = PBXGroup;
			children = (
				C5107F172451FC3E00381317 /* Diego_Chavez_Program__7UITests.swift */,
				C5107F192451FC3E00381317 /* Info.plist */,
			);
			path = "Diego Chavez Program #7UITests";
			sourceTree = "<group>";
		};
/* End PBXGroup section */

/* Begin PBXNativeTarget section */
		C5107EF12451FC3C00381317 /* Diego Chavez Program #7 */ = {
			isa = PBXNativeTarget;
			buildConfigurationList = C5107F1C2451FC3E00381317 /* Build configuration list for PBXNativeTarget "Diego Chavez Program #7" */;
			buildPhases = (
				C5107EEE2451FC3C00381317 /* Sources */,
				C5107EEF2451FC3C00381317 /* Frameworks */,
				C5107EF02451FC3C00381317 /* Resources */,
			);
			buildRules = (
			);
			dependencies = (
			);
			name = "Diego Chavez Program #7";
			productName = "Diego Chavez Program #7";
			productReference = C5107EF22451FC3C00381317 /* Diego Chavez Program #7.app */;
			productType = "com.apple.product-type.application";
		};
		C5107F072451FC3E00381317 /* Diego Chavez Program #7Tests */ = {
			isa = PBXNativeTarget;
			buildConfigurationList = C5107F1F2451FC3E00381317 /* Build configuration list for PBXNativeTarget "Diego Chavez Program #7Tests" */;
			buildPhases = (
				C5107F042451FC3E00381317 /* Sources */,
				C5107F052451FC3E00381317 /* Frameworks */,
				C5107F062451FC3E00381317 /* Resources */,
			);
			buildRules = (
			);
			dependencies = (
				C5107F0A2451FC3E00381317 /* PBXTargetDependency */,
			);
			name = "Diego Chavez Program #7Tests";
			productName = "Diego Chavez Program #7Tests";
			productReference = C5107F082451FC3E00381317 /* Diego Chavez Program #7Tests.xctest */;
			productType = "com.apple.product-type.bundle.unit-test";
		};
		C5107F122451FC3E00381317 /* Diego Chavez Program #7UITests */ = {
			isa = PBXNativeTarget;
			buildConfigurationList = C5107F222451FC3E00381317 /* Build configuration list for PBXNativeTarget "Diego Chavez Program #7UITests" */;
			buildPhases = (
				C5107F0F2451FC3E00381317 /* Sources */,
				C5107F102451FC3E00381317 /* Frameworks */,
				C5107F112451FC3E00381317 /* Resources */,
			);
			buildRules = (
			);
			dependencies = (
				C5107F152451FC3E00381317 /* PBXTargetDependency */,
			);
			name = "Diego Chavez Program #7UITests";
			productName = "Diego Chavez Program #7UITests";
			productReference = C5107F132451FC3E00381317 /* Diego Chavez Program #7UITests.xctest */;
			productType = "com.apple.product-type.bundle.ui-testing";
		};
/* End PBXNativeTarget section */

/* Begin PBXProject section */
		C5107EEA2451FC3C00381317 /* Project object */ = {
			isa = PBXProject;
			attributes = {
				LastSwiftUpdateCheck = 1130;
				LastUpgradeCheck = 1130;
				ORGANIZATIONNAME = "Diego Chavez";
				TargetAttributes = {
					C5107EF12451FC3C00381317 = {
						CreatedOnToolsVersion = 11.3.1;
					};
					C5107F072451FC3E00381317 = {
						CreatedOnToolsVersion = 11.3.1;
						TestTargetID = C5107EF12451FC3C00381317;
					};
					C5107F122451FC3E00381317 = {
						CreatedOnToolsVersion = 11.3.1;
						TestTargetID = C5107EF12451FC3C00381317;
					};
				};
			};
			buildConfigurationList = C5107EED2451FC3C00381317 /* Build configuration list for PBXProject "Diego Chavez Program #7" */;
			compatibilityVersion = "Xcode 9.3";
			developmentRegion = en;
			hasScannedForEncodings = 0;
			knownRegions = (
				en,
				Base,
			);
			mainGroup = C5107EE92451FC3C00381317;
			productRefGroup = C5107EF32451FC3C00381317 /* Products */;
			projectDirPath = "";
			projectRoot = "";
			targets = (
				C5107EF12451FC3C00381317 /* Diego Chavez Program #7 */,
				C5107F072451FC3E00381317 /* Diego Chavez Program #7Tests */,
				C5107F122451FC3E00381317 /* Diego Chavez Program #7UITests */,
			);
		};
/* End PBXProject section */

/* Begin PBXResourcesBuildPhase section */
		C5107EF02451FC3C00381317 /* Resources */ = {
			isa = PBXResourcesBuildPhase;
			buildActionMask = 2147483647;
			files = (
				C5107F022451FC3E00381317 /* LaunchScreen.storyboard in Resources */,
				C5107EFF2451FC3E00381317 /* Assets.xcassets in Resources */,
				C5107EFD2451FC3C00381317 /* Main.storyboard in Resources */,
			);
			runOnlyForDeploymentPostprocessing = 0;
		};
		C5107F062451FC3E00381317 /* Resources */ = {
			isa = PBXResourcesBuildPhase;
			buildActionMask = 2147483647;
			files = (
			);
			runOnlyForDeploymentPostprocessing = 0;
		};
		C5107F112451FC3E00381317 /* Resources */ = {
			isa = PBXResourcesBuildPhase;
			buildActionMask = 2147483647;
			files = (
			);
			runOnlyForDeploymentPostprocessing = 0;
		};
/* End PBXResourcesBuildPhase section */

/* Begin PBXSourcesBuildPhase section */
		C5107EEE2451FC3C00381317 /* Sources */ = {
			isa = PBXSourcesBuildPhase;
			buildActionMask = 2147483647;
			files = (
				C5107EFA2451FC3C00381317 /* ViewController.swift in Sources */,
				C5107EF62451FC3C00381317 /* AppDelegate.swift in Sources */,
				C5107EF82451FC3C00381317 /* SceneDelegate.swift in Sources */,
			);
			runOnlyForDeploymentPostprocessing = 0;
		};
		C5107F042451FC3E00381317 /* Sources */ = {
			isa = PBXSourcesBuildPhase;
			buildActionMask = 2147483647;
			files = (
				C5107F0D2451FC3E00381317 /* Diego_Chavez_Program__7Tests.swift in Sources */,
			);
			runOnlyForDeploymentPostprocessing = 0;
		};
		C5107F0F2451FC3E00381317 /* Sources */ = {
			isa = PBXSourcesBuildPhase;
			buildActionMask = 2147483647;
			files = (
				C5107F182451FC3E00381317 /* Diego_Chavez_Program__7UITests.swift in Sources */,
			);
			runOnlyForDeploymentPostprocessing = 0;
		};
/* End PBXSourcesBuildPhase section */

/* Begin PBXTargetDependency section */
		C5107F0A2451FC3E00381317 /* PBXTargetDependency */ = {
			isa = PBXTargetDependency;
			target = C5107EF12451FC3C00381317 /* Diego Chavez Program #7 */;
			targetProxy = C5107F092451FC3E00381317 /* PBXContainerItemProxy */;
		};
		C5107F152451FC3E00381317 /* PBXTargetDependency */ = {
			isa = PBXTargetDependency;
			target = C5107EF12451FC3C00381317 /* Diego Chavez Program #7 */;
			targetProxy = C5107F142451FC3E00381317 /* PBXContainerItemProxy */;
		};
/* End PBXTargetDependency section */

/* Begin PBXVariantGroup section */
		C5107EFB2451FC3C00381317 /* Main.storyboard */ = {
			isa = PBXVariantGroup;
			children = (
				C5107EFC2451FC3C00381317 /* Base */,
			);
			name = Main.storyboard;
			sourceTree = "<group>";
		};
		C5107F002451FC3E00381317 /* LaunchScreen.storyboard */ = {
			isa = PBXVariantGroup;
			children = (
				C5107F012451FC3E00381317 /* Base */,
			);
			name = LaunchScreen.storyboard;
			sourceTree = "<group>";
		};
/* End PBXVariantGroup section */

/* Begin XCBuildConfiguration section */
		C5107F1A2451FC3E00381317 /* Debug */ = {
			isa = XCBuildConfiguration;
			buildSettings = {
				ALWAYS_SEARCH_USER_PATHS = NO;
				CLANG_ANALYZER_NONNULL = YES;
				CLANG_ANALYZER_NUMBER_OBJECT_CONVERSION = YES_AGGRESSIVE;
				CLANG_CXX_LANGUAGE_STANDARD = "gnu++14";
				CLANG_CXX_LIBRARY = "libc++";
				CLANG_ENABLE_MODULES = YES;
				CLANG_ENABLE_OBJC_ARC = YES;
				CLANG_ENABLE_OBJC_WEAK = YES;
				CLANG_WARN_BLOCK_CAPTURE_AUTORELEASING = YES;
				CLANG_WARN_BOOL_CONVERSION = YES;
				CLANG_WARN_COMMA = YES;
				CLANG_WARN_CONSTANT_CONVERSION = YES;
				CLANG_WARN_DEPRECATED_OBJC_IMPLEMENTATIONS = YES;
				CLANG_WARN_DIRECT_OBJC_ISA_USAGE = YES_ERROR;
				CLANG_WARN_DOCUMENTATION_COMMENTS = YES;
				CLANG_WARN_EMPTY_BODY = YES;
				CLANG_WARN_ENUM_CONVERSION = YES;
				CLANG_WARN_INFINITE_RECURSION = YES;
				CLANG_WARN_INT_CONVERSION = YES;
				CLANG_WARN_NON_LITERAL_NULL_CONVERSION = YES;
				CLANG_WARN_OBJC_IMPLICIT_RETAIN_SELF = YES;
				CLANG_WARN_OBJC_LITERAL_CONVERSION = YES;
				CLANG_WARN_OBJC_ROOT_CLASS = YES_ERROR;
				CLANG_WARN_RANGE_LOOP_ANALYSIS = YES;
				CLANG_WARN_STRICT_PROTOTYPES = YES;
				CLANG_WARN_SUSPICIOUS_MOVE = YES;
				CLANG_WARN_UNGUARDED_AVAILABILITY = YES_AGGRESSIVE;
				CLANG_WARN_UNREACHABLE_CODE = YES;
				CLANG_WARN__DUPLICATE_METHOD_MATCH = YES;
				COPY_PHASE_STRIP = NO;
				DEBUG_INFORMATION_FORMAT = dwarf;
				ENABLE_STRICT_OBJC_MSGSEND = YES;
				ENABLE_TESTABILITY = YES;
				GCC_C_LANGUAGE_STANDARD = gnu11;
				GCC_DYNAMIC_NO_PIC = NO;
				GCC_NO_COMMON_BLOCKS = YES;
				GCC_OPTIMIZATION_LEVEL = 0;
				GCC_PREPROCESSOR_DEFINITIONS = (
					"DEBUG=1",
					"$(inherited)",
				);
				GCC_WARN_64_TO_32_BIT_CONVERSION = YES;
				GCC_WARN_ABOUT_RETURN_TYPE = YES_ERROR;
				GCC_WARN_UNDECLARED_SELECTOR = YES;
				GCC_WARN_UNINITIALIZED_AUTOS = YES_AGGRESSIVE;
				GCC_WARN_UNUSED_FUNCTION = YES;
				GCC_WARN_UNUSED_VARIABLE = YES;
				IPHONEOS_DEPLOYMENT_TARGET = 13.2;
				MTL_ENABLE_DEBUG_INFO = INCLUDE_SOURCE;
				MTL_FAST_MATH = YES;
				ONLY_ACTIVE_ARCH = YES;
				SDKROOT = iphoneos;
				SWIFT_ACTIVE_COMPILATION_CONDITIONS = DEBUG;
				SWIFT_OPTIMIZATION_LEVEL = "-Onone";
			};
			name = Debug;
		};
		C5107F1B2451FC3E00381317 /* Release */ = {
			isa = XCBuildConfiguration;
			buildSettings = {
				ALWAYS_SEARCH_USER_PATHS = NO;
				CLANG_ANALYZER_NONNULL = YES;
				CLANG_ANALYZER_NUMBER_OBJECT_CONVERSION = YES_AGGRESSIVE;
				CLANG_CXX_LANGUAGE_STANDARD = "gnu++14";
				CLANG_CXX_LIBRARY = "libc++";
				CLANG_ENABLE_MODULES = YES;
				CLANG_ENABLE_OBJC_ARC = YES;
				CLANG_ENABLE_OBJC_WEAK = YES;
				CLANG_WARN_BLOCK_CAPTURE_AUTORELEASING = YES;
				CLANG_WARN_BOOL_CONVERSION = YES;
				CLANG_WARN_COMMA = YES;
				CLANG_WARN_CONSTANT_CONVERSION = YES;
				CLANG_WARN_DEPRECATED_OBJC_IMPLEMENTATIONS = YES;
				CLANG_WARN_DIRECT_OBJC_ISA_USAGE = YES_ERROR;
				CLANG_WARN_DOCUMENTATION_COMMENTS = YES;
				CLANG_WARN_EMPTY_BODY = YES;
				CLANG_WARN_ENUM_CONVERSION = YES;
				CLANG_WARN_INFINITE_RECURSION = YES;
				CLANG_WARN_INT_CONVERSION = YES;
				CLANG_WARN_NON_LITERAL_NULL_CONVERSION = YES;
				CLANG_WARN_OBJC_IMPLICIT_RETAIN_SELF = YES;
				CLANG_WARN_OBJC_LITERAL_CONVERSION = YES;
				CLANG_WARN_OBJC_ROOT_CLASS = YES_ERROR;
				CLANG_WARN_RANGE_LOOP_ANALYSIS = YES;
				CLANG_WARN_STRICT_PROTOTYPES = YES;
				CLANG_WARN_SUSPICIOUS_MOVE = YES;
				CLANG_WARN_UNGUARDED_AVAILABILITY = YES_AGGRESSIVE;
				CLANG_WARN_UNREACHABLE_CODE = YES;
				CLANG_WARN__DUPLICATE_METHOD_MATCH = YES;
				COPY_PHASE_STRIP = NO;
				DEBUG_INFORMATION_FORMAT = "dwarf-with-dsym";
				ENABLE_NS_ASSERTIONS = NO;
				ENABLE_STRICT_OBJC_MSGSEND = YES;
				GCC_C_LANGUAGE_STANDARD = gnu11;
				GCC_NO_COMMON_BLOCKS = YES;
				GCC_WARN_64_TO_32_BIT_CONVERSION = YES;
				GCC_WARN_ABOUT_RETURN_TYPE = YES_ERROR;
				GCC_WARN_UNDECLARED_SELECTOR = YES;
				GCC_WARN_UNINITIALIZED_AUTOS = YES_AGGRESSIVE;
				GCC_WARN_UNUSED_FUNCTION = YES;
				GCC_WARN_UNUSED_VARIABLE = YES;
				IPHONEOS_DEPLOYMENT_TARGET = 13.2;
				MTL_ENABLE_DEBUG_INFO = NO;
				MTL_FAST_MATH = YES;
				SDKROOT = iphoneos;
				SWIFT_COMPILATION_MODE = wholemodule;
				SWIFT_OPTIMIZATION_LEVEL = "-O";
				VALIDATE_PRODUCT = YES;
			};
			name = Release;
		};
		C5107F1D2451FC3E00381317 /* Debug */ = {
			isa = XCBuildConfiguration;
			buildSettings = {
				ASSETCATALOG_COMPILER_APPICON_NAME = AppIcon;
				CODE_SIGN_STYLE = Automatic;
				DEVELOPMENT_TEAM = 8834Q966MA;
				INFOPLIST_FILE = "Diego Chavez Program #7/Info.plist";
				LD_RUNPATH_SEARCH_PATHS = (
					"$(inherited)",
					"@executable_path/Frameworks",
				);
				PRODUCT_BUNDLE_IDENTIFIER = "diegochavez.com.Diego-Chavez-Program--7";
				PRODUCT_NAME = "$(TARGET_NAME)";
				SWIFT_VERSION = 5.0;
				TARGETED_DEVICE_FAMILY = "1,2";
			};
			name = Debug;
		};
		C5107F1E2451FC3E00381317 /* Release */ = {
			isa = XCBuildConfiguration;
			buildSettings = {
				ASSETCATALOG_COMPILER_APPICON_NAME = AppIcon;
				CODE_SIGN_STYLE = Automatic;
				DEVELOPMENT_TEAM = 8834Q966MA;
				INFOPLIST_FILE = "Diego Chavez Program #7/Info.plist";
				LD_RUNPATH_SEARCH_PATHS = (
					"$(inherited)",
					"@executable_path/Frameworks",
				);
				PRODUCT_BUNDLE_IDENTIFIER = "diegochavez.com.Diego-Chavez-Program--7";
				PRODUCT_NAME = "$(TARGET_NAME)";
				SWIFT_VERSION = 5.0;
				TARGETED_DEVICE_FAMILY = "1,2";
			};
			name = Release;
		};
		C5107F202451FC3E00381317 /* Debug */ = {
			isa = XCBuildConfiguration;
			buildSettings = {
				ALWAYS_EMBED_SWIFT_STANDARD_LIBRARIES = YES;
				BUNDLE_LOADER = "$(TEST_HOST)";
				CODE_SIGN_STYLE = Automatic;
				DEVELOPMENT_TEAM = 8834Q966MA;
				INFOPLIST_FILE = "Diego Chavez Program #7Tests/Info.plist";
				IPHONEOS_DEPLOYMENT_TARGET = 13.2;
				LD_RUNPATH_SEARCH_PATHS = (
					"$(inherited)",
					"@executable_path/Frameworks",
					"@loader_path/Frameworks",
				);
				PRODUCT_BUNDLE_IDENTIFIER = "diegochavez.com.Diego-Chavez-Program--7Tests";
				PRODUCT_NAME = "$(TARGET_NAME)";
				SWIFT_VERSION = 5.0;
				TARGETED_DEVICE_FAMILY = "1,2";
				TEST_HOST = "$(BUILT_PRODUCTS_DIR)/Diego Chavez Program #7.app/Diego Chavez Program #7";
			};
			name = Debug;
		};
		C5107F212451FC3E00381317 /* Release */ = {
			isa = XCBuildConfiguration;
			buildSettings = {
				ALWAYS_EMBED_SWIFT_STANDARD_LIBRARIES = YES;
				BUNDLE_LOADER = "$(TEST_HOST)";
				CODE_SIGN_STYLE = Automatic;
				DEVELOPMENT_TEAM = 8834Q966MA;
				INFOPLIST_FILE = "Diego Chavez Program #7Tests/Info.plist";
				IPHONEOS_DEPLOYMENT_TARGET = 13.2;
				LD_RUNPATH_SEARCH_PATHS = (
					"$(inherited)",
					"@executable_path/Frameworks",
					"@loader_path/Frameworks",
				);
				PRODUCT_BUNDLE_IDENTIFIER = "diegochavez.com.Diego-Chavez-Program--7Tests";
				PRODUCT_NAME = "$(TARGET_NAME)";
				SWIFT_VERSION = 5.0;
				TARGETED_DEVICE_FAMILY = "1,2";
				TEST_HOST = "$(BUILT_PRODUCTS_DIR)/Diego Chavez Program #7.app/Diego Chavez Program #7";
			};
			name = Release;
		};
		C5107F232451FC3E00381317 /* Debug */ = {
			isa = XCBuildConfiguration;
			buildSettings = {
				ALWAYS_EMBED_SWIFT_STANDARD_LIBRARIES = YES;
				CODE_SIGN_STYLE = Automatic;
				DEVELOPMENT_TEAM = 8834Q966MA;
				INFOPLIST_FILE = "Diego Chavez Program #7UITests/Info.plist";
				LD_RUNPATH_SEARCH_PATHS = (
					"$(inherited)",
					"@executable_path/Frameworks",
					"@loader_path/Frameworks",
				);
				PRODUCT_BUNDLE_IDENTIFIER = "diegochavez.com.Diego-Chavez-Program--7UITests";
				PRODUCT_NAME = "$(TARGET_NAME)";
				SWIFT_VERSION = 5.0;
				TARGETED_DEVICE_FAMILY = "1,2";
				TEST_TARGET_NAME = "Diego Chavez Program #7";
			};
			name = Debug;
		};
		C5107F242451FC3E00381317 /* Release */ = {
			isa = XCBuildConfiguration;
			buildSettings = {
				ALWAYS_EMBED_SWIFT_STANDARD_LIBRARIES = YES;
				CODE_SIGN_STYLE = Automatic;
				DEVELOPMENT_TEAM = 8834Q966MA;
				INFOPLIST_FILE = "Diego Chavez Program #7UITests/Info.plist";
				LD_RUNPATH_SEARCH_PATHS = (
					"$(inherited)",
					"@executable_path/Frameworks",
					"@loader_path/Frameworks",
				);
				PRODUCT_BUNDLE_IDENTIFIER = "diegochavez.com.Diego-Chavez-Program--7UITests";
				PRODUCT_NAME = "$(TARGET_NAME)";
				SWIFT_VERSION = 5.0;
				TARGETED_DEVICE_FAMILY = "1,2";
				TEST_TARGET_NAME = "Diego Chavez Program #7";
			};
			name = Release;
		};
/* End XCBuildConfiguration section */

/* Begin XCConfigurationList section */
		C5107EED2451FC3C00381317 /* Build configuration list for PBXProject "Diego Chavez Program #7" */ = {
			isa = XCConfigurationList;
			buildConfigurations = (
				C5107F1A2451FC3E00381317 /* Debug */,
				C5107F1B2451FC3E00381317 /* Release */,
			);
			defaultConfigurationIsVisible = 0;
			defaultConfigurationName = Release;
		};
		C5107F1C2451FC3E00381317 /* Build configuration list for PBXNativeTarget "Diego Chavez Program #7" */ = {
			isa = XCConfigurationList;
			buildConfigurations = (
				C5107F1D2451FC3E00381317 /* Debug */,
				C5107F1E2451FC3E00381317 /* Release */,
			);
			defaultConfigurationIsVisible = 0;
			defaultConfigurationName = Release;
		};
		C5107F1F2451FC3E00381317 /* Build configuration list for PBXNativeTarget "Diego Chavez Program #7Tests" */ = {
			isa = XCConfigurationList;
			buildConfigurations = (
				C5107F202451FC3E00381317 /* Debug */,
				C5107F212451FC3E00381317 /* Release */,
			);
			defaultConfigurationIsVisible = 0;
			defaultConfigurationName = Release;
		};
		C5107F222451FC3E00381317 /* Build configuration list for PBXNativeTarget "Diego Chavez Program #7UITests" */ = {
			isa = XCConfigurationList;
			buildConfigurations = (
				C5107F232451FC3E00381317 /* Debug */,
				C5107F242451FC3E00381317 /* Release */,
			);
			defaultConfigurationIsVisible = 0;
			defaultConfigurationName = Release;
		};
/* End XCConfigurationList section */
	};
	rootObject = C5107EEA2451FC3C00381317 /* Project object */;
}
